
Microsoft Visual Studio Solution File, Format Version 12.00
# Visual Studio Version 16
VisualStudioVersion = 16.0.31112.23
MinimumVisualStudioVersion = 10.0.40219.1
Project("{FAE04EC0-301F-11D3-BF4B-00C04F79EFBC}") = "Ex03.GarageLogic", "Ex03.GarageLogic\Ex03.GarageLogic.csproj", "{3845603B-4746-4E43-BDBF-6D559BC22825}"
EndProject
Project("{FAE04EC0-301F-11D3-BF4B-00C04F79EFBC}") = "Ex03.ConsoleUI", "Ex03.ConsoleUI\Ex03.ConsoleUI.csproj", "{555B36B1-EE25-4441-AF39-9FF4076E923D}"
EndProject
Global
	GlobalSection(SolutionConfigurationPlatforms) = preSolution
		Debug|Any CPU = Debug|Any CPU
		Release|Any CPU = Release|Any CPU
	EndGlobalSection
	GlobalSection(ProjectConfigurationPlatforms) = postSolution
		{3845603B-4746-4E43-BDBF-6D559BC22825}.Debug|Any CPU.ActiveCfg = Debug|Any CPU
		{3845603B-4746-4E43-BDBF-6D559BC22825}.Debug|Any CPU.Build.0 = Debug|Any CPU
		{3845603B-4746-4E43-BDBF-6D559BC22825}.Release|Any CPU.ActiveCfg = Release|Any CPU
		{3845603B-4746-4E43-BDBF-6D559BC22825}.Release|Any CPU.Build.0 = Release|Any CPU
		{555B36B1-EE25-4441-AF39-9FF4076E923D}.Debug|Any CPU.ActiveCfg = Debug|Any CPU
		{555B36B1-EE25-4441-AF39-9FF4076E923D}.Debug|Any CPU.Build.0 = Debug|Any CPU
		{555B36B1-EE25-4441-AF39-9FF4076E923D}.Release|Any CPU.ActiveCfg = Release|Any CPU
		{555B36B1-EE25-4441-AF39-9FF4076E923D}.Release|Any CPU.Build.0 = Release|Any CPU
	EndGlobalSection
	GlobalSection(SolutionProperties) = preSolution
		HideSolutionNode = FALSE
	EndGlobalSection
	GlobalSection(ExtensibilityGlobals) = postSolution
		SolutionGuid = {B4A4CFE5-AA29-4C29-B1F8-9E378CA7471D}
	EndGlobalSection
EndGlobal
